
Microsoft Visual Studio Solution File, Format Version 12.00
# Visual Studio Version 17
VisualStudioVersion = 17.9.34723.18
MinimumVisualStudioVersion = 10.0.40219.1
Project("{FAE04EC0-301F-11D3-BF4B-00C04F79EFBC}") = "labback", "labback\labback.csproj", "{DC013EE9-41B0-470D-A059-28E853EBE82C}"
EndProject
Global
	GlobalSection(SolutionConfigurationPlatforms) = preSolution
		Debug|Any CPU = Debug|Any CPU
		Release|Any CPU = Release|Any CPU
	EndGlobalSection
	GlobalSection(ProjectConfigurationPlatforms) = postSolution
		{DC013EE9-41B0-470D-A059-28E853EBE82C}.Debug|Any CPU.ActiveCfg = Debug|Any CPU
		{DC013EE9-41B0-470D-A059-28E853EBE82C}.Debug|Any CPU.Build.0 = Debug|Any CPU
		{DC013EE9-41B0-470D-A059-28E853EBE82C}.Release|Any CPU.ActiveCfg = Release|Any CPU
		{DC013EE9-41B0-470D-A059-28E853EBE82C}.Release|Any CPU.Build.0 = Release|Any CPU
	EndGlobalSection
	GlobalSection(SolutionProperties) = preSolution
		HideSolutionNode = FALSE
	EndGlobalSection
	GlobalSection(ExtensibilityGlobals) = postSolution
		SolutionGuid = {C2476693-0501-424C-ACD1-D73DF4640F9E}
	EndGlobalSection
EndGlobal
